
Microsoft Visual Studio Solution File, Format Version 12.00
# Visual Studio Version 16
VisualStudioVersion = 16.0.31229.75
MinimumVisualStudioVersion = 10.0.40219.1
Project("{2150E333-8FDC-42A3-9474-1A3956D46DE8}") = "src", "src", "{5772638A-EE5A-4B04-9D1D-4F1CE388AE8C}"
EndProject
Project("{2150E333-8FDC-42A3-9474-1A3956D46DE8}") = "Presentation", "Presentation", "{B60D2D38-0CBD-443E-A53C-AA65466A6EA9}"
EndProject
Project("{2150E333-8FDC-42A3-9474-1A3956D46DE8}") = "Infraestructure", "Infraestructure", "{287D1E91-A026-45AD-8375-D0005C14FAB6}"
EndProject
Project("{2150E333-8FDC-42A3-9474-1A3956D46DE8}") = "Domain", "Domain", "{0C425852-EA62-40C2-9EC4-0B178513D6EB}"
EndProject
Project("{9A19103F-16F7-4668-BE54-9A1E7A4F7556}") = "DDD.NET.CORE.API", "src\Presentation\DDD.NET.CORE.API\DDD.NET.CORE.API.csproj", "{BDC0845F-B3C6-46EB-ACB5-26BE5E93DF62}"
EndProject
Project("{2150E333-8FDC-42A3-9474-1A3956D46DE8}") = "Application", "Application", "{F745575B-6976-400E-AD14-1ADF6F616CDD}"
EndProject
Project("{9A19103F-16F7-4668-BE54-9A1E7A4F7556}") = "DDD.NET.CORE.APPLICATION", "src\Application\Application\DDD.NET.CORE.APPLICATION.csproj", "{E6618231-6663-4569-B764-62F4925F073E}"
EndProject
Project("{9A19103F-16F7-4668-BE54-9A1E7A4F7556}") = "DDD.NET.CORE.DOMAIN", "src\Domain\Domain\DDD.NET.CORE.DOMAIN.csproj", "{1B9B35A1-F102-45D4-BDE4-C04F2BC5F436}"
EndProject
Project("{9A19103F-16F7-4668-BE54-9A1E7A4F7556}") = "DDD.NET.CORE.INFRAESTRUCTURE", "src\Infrastructure\Infraestructure\DDD.NET.CORE.INFRAESTRUCTURE.csproj", "{70BF3F69-9D17-4DE6-9461-439FB8EFC444}"
EndProject
Project("{2150E333-8FDC-42A3-9474-1A3956D46DE8}") = "Domain.Entities", "Domain.Entities", "{2D2957BB-6E2D-429C-A3C3-13FCE41B3C98}"
EndProject
Project("{FAE04EC0-301F-11D3-BF4B-00C04F79EFBC}") = "DDD.NET.CORE.DOMAIN.ENTITIES", "src\Domain.Entities\DDD.NET.CORE.DOMAIN.ENTITIES\DDD.NET.CORE.DOMAIN.ENTITIES.csproj", "{23136D4F-96A6-4417-AFCC-6F0E7CB5DAFB}"
EndProject
Project("{FAE04EC0-301F-11D3-BF4B-00C04F79EFBC}") = "GraphQLServer", "GraphQLServer\GraphQLServer.csproj", "{9C5859EB-3A98-4277-A0A9-CD11D9F88352}"
EndProject
Global
	GlobalSection(SolutionConfigurationPlatforms) = preSolution
		Debug|Any CPU = Debug|Any CPU
		Release|Any CPU = Release|Any CPU
	EndGlobalSection
	GlobalSection(ProjectConfigurationPlatforms) = postSolution
		{BDC0845F-B3C6-46EB-ACB5-26BE5E93DF62}.Debug|Any CPU.ActiveCfg = Debug|Any CPU
		{BDC0845F-B3C6-46EB-ACB5-26BE5E93DF62}.Debug|Any CPU.Build.0 = Debug|Any CPU
		{BDC0845F-B3C6-46EB-ACB5-26BE5E93DF62}.Release|Any CPU.ActiveCfg = Release|Any CPU
		{BDC0845F-B3C6-46EB-ACB5-26BE5E93DF62}.Release|Any CPU.Build.0 = Release|Any CPU
		{E6618231-6663-4569-B764-62F4925F073E}.Debug|Any CPU.ActiveCfg = Debug|Any CPU
		{E6618231-6663-4569-B764-62F4925F073E}.Debug|Any CPU.Build.0 = Debug|Any CPU
		{E6618231-6663-4569-B764-62F4925F073E}.Release|Any CPU.ActiveCfg = Release|Any CPU
		{E6618231-6663-4569-B764-62F4925F073E}.Release|Any CPU.Build.0 = Release|Any CPU
		{1B9B35A1-F102-45D4-BDE4-C04F2BC5F436}.Debug|Any CPU.ActiveCfg = Debug|Any CPU
		{1B9B35A1-F102-45D4-BDE4-C04F2BC5F436}.Debug|Any CPU.Build.0 = Debug|Any CPU
		{1B9B35A1-F102-45D4-BDE4-C04F2BC5F436}.Release|Any CPU.ActiveCfg = Release|Any CPU
		{1B9B35A1-F102-45D4-BDE4-C04F2BC5F436}.Release|Any CPU.Build.0 = Release|Any CPU
		{70BF3F69-9D17-4DE6-9461-439FB8EFC444}.Debug|Any CPU.ActiveCfg = Debug|Any CPU
		{70BF3F69-9D17-4DE6-9461-439FB8EFC444}.Debug|Any CPU.Build.0 = Debug|Any CPU
		{70BF3F69-9D17-4DE6-9461-439FB8EFC444}.Release|Any CPU.ActiveCfg = Release|Any CPU
		{70BF3F69-9D17-4DE6-9461-439FB8EFC444}.Release|Any CPU.Build.0 = Release|Any CPU
		{23136D4F-96A6-4417-AFCC-6F0E7CB5DAFB}.Debug|Any CPU.ActiveCfg = Debug|Any CPU
		{23136D4F-96A6-4417-AFCC-6F0E7CB5DAFB}.Debug|Any CPU.Build.0 = Debug|Any CPU
		{23136D4F-96A6-4417-AFCC-6F0E7CB5DAFB}.Release|Any CPU.ActiveCfg = Release|Any CPU
		{23136D4F-96A6-4417-AFCC-6F0E7CB5DAFB}.Release|Any CPU.Build.0 = Release|Any CPU
		{9C5859EB-3A98-4277-A0A9-CD11D9F88352}.Debug|Any CPU.ActiveCfg = Debug|Any CPU
		{9C5859EB-3A98-4277-A0A9-CD11D9F88352}.Debug|Any CPU.Build.0 = Debug|Any CPU
		{9C5859EB-3A98-4277-A0A9-CD11D9F88352}.Release|Any CPU.ActiveCfg = Release|Any CPU
		{9C5859EB-3A98-4277-A0A9-CD11D9F88352}.Release|Any CPU.Build.0 = Release|Any CPU
	EndGlobalSection
	GlobalSection(SolutionProperties) = preSolution
		HideSolutionNode = FALSE
	EndGlobalSection
	GlobalSection(NestedProjects) = preSolution
		{B60D2D38-0CBD-443E-A53C-AA65466A6EA9} = {5772638A-EE5A-4B04-9D1D-4F1CE388AE8C}
		{287D1E91-A026-45AD-8375-D0005C14FAB6} = {5772638A-EE5A-4B04-9D1D-4F1CE388AE8C}
		{0C425852-EA62-40C2-9EC4-0B178513D6EB} = {5772638A-EE5A-4B04-9D1D-4F1CE388AE8C}
		{BDC0845F-B3C6-46EB-ACB5-26BE5E93DF62} = {B60D2D38-0CBD-443E-A53C-AA65466A6EA9}
		{F745575B-6976-400E-AD14-1ADF6F616CDD} = {5772638A-EE5A-4B04-9D1D-4F1CE388AE8C}
		{E6618231-6663-4569-B764-62F4925F073E} = {F745575B-6976-400E-AD14-1ADF6F616CDD}
		{1B9B35A1-F102-45D4-BDE4-C04F2BC5F436} = {0C425852-EA62-40C2-9EC4-0B178513D6EB}
		{70BF3F69-9D17-4DE6-9461-439FB8EFC444} = {287D1E91-A026-45AD-8375-D0005C14FAB6}
		{2D2957BB-6E2D-429C-A3C3-13FCE41B3C98} = {5772638A-EE5A-4B04-9D1D-4F1CE388AE8C}
		{23136D4F-96A6-4417-AFCC-6F0E7CB5DAFB} = {2D2957BB-6E2D-429C-A3C3-13FCE41B3C98}
		{9C5859EB-3A98-4277-A0A9-CD11D9F88352} = {B60D2D38-0CBD-443E-A53C-AA65466A6EA9}
	EndGlobalSection
	GlobalSection(ExtensibilityGlobals) = postSolution
		SolutionGuid = {B60E05B6-B023-4057-AAEE-36C8628A7BA9}
	EndGlobalSection
EndGlobal
